
Microsoft Visual Studio Solution File, Format Version 12.00
# Visual Studio Version 17
VisualStudioVersion = 17.14.36414.22
MinimumVisualStudioVersion = 10.0.40219.1
Project("{FAE04EC0-301F-11D3-BF4B-00C04F79EFBC}") = "Test 2", "Test 2\Test 2.csproj", "{7F3CABC2-DC7E-4E96-A37D-2D0EAB8093A4}"
EndProject
Global
	GlobalSection(SolutionConfigurationPlatforms) = preSolution
		Debug|Any CPU = Debug|Any CPU
		Release|Any CPU = Release|Any CPU
	EndGlobalSection
	GlobalSection(ProjectConfigurationPlatforms) = postSolution
		{7F3CABC2-DC7E-4E96-A37D-2D0EAB8093A4}.Debug|Any CPU.ActiveCfg = Debug|Any CPU
		{7F3CABC2-DC7E-4E96-A37D-2D0EAB8093A4}.Debug|Any CPU.Build.0 = Debug|Any CPU
		{7F3CABC2-DC7E-4E96-A37D-2D0EAB8093A4}.Release|Any CPU.ActiveCfg = Release|Any CPU
		{7F3CABC2-DC7E-4E96-A37D-2D0EAB8093A4}.Release|Any CPU.Build.0 = Release|Any CPU
	EndGlobalSection
	GlobalSection(SolutionProperties) = preSolution
		HideSolutionNode = FALSE
	EndGlobalSection
	GlobalSection(ExtensibilityGlobals) = postSolution
		SolutionGuid = {06946A0C-D59B-4047-A4B2-CD8A889F00BF}
	EndGlobalSection
EndGlobal
