
Microsoft Visual Studio Solution File, Format Version 12.00
# Visual Studio Version 17
VisualStudioVersion = 17.14.36616.10 d17.14
MinimumVisualStudioVersion = 10.0.40219.1
Project("{FAE04EC0-301F-11D3-BF4B-00C04F79EFBC}") = "Test 3", "Test 3\Test 3.csproj", "{9BF7CE3E-394B-439B-A4A1-CBDB8AEB65A7}"
EndProject
Global
	GlobalSection(SolutionConfigurationPlatforms) = preSolution
		Debug|Any CPU = Debug|Any CPU
		Release|Any CPU = Release|Any CPU
	EndGlobalSection
	GlobalSection(ProjectConfigurationPlatforms) = postSolution
		{9BF7CE3E-394B-439B-A4A1-CBDB8AEB65A7}.Debug|Any CPU.ActiveCfg = Debug|Any CPU
		{9BF7CE3E-394B-439B-A4A1-CBDB8AEB65A7}.Debug|Any CPU.Build.0 = Debug|Any CPU
		{9BF7CE3E-394B-439B-A4A1-CBDB8AEB65A7}.Release|Any CPU.ActiveCfg = Release|Any CPU
		{9BF7CE3E-394B-439B-A4A1-CBDB8AEB65A7}.Release|Any CPU.Build.0 = Release|Any CPU
	EndGlobalSection
	GlobalSection(SolutionProperties) = preSolution
		HideSolutionNode = FALSE
	EndGlobalSection
	GlobalSection(ExtensibilityGlobals) = postSolution
		SolutionGuid = {49A5EDCD-C4C3-4E78-BF7B-C5C800BD437A}
	EndGlobalSection
EndGlobal
